
Microsoft Visual Studio Solution File, Format Version 12.00
# Visual Studio Version 16
VisualStudioVersion = 16.0.30320.27
MinimumVisualStudioVersion = 10.0.40219.1
Project("{FAE04EC0-301F-11D3-BF4B-00C04F79EFBC}") = "SP", "SP\SP.csproj", "{4E463395-9963-45D4-A65C-9268231768CB}"
EndProject
Global
	GlobalSection(SolutionConfigurationPlatforms) = preSolution
		Debug|Any CPU = Debug|Any CPU
		Release|Any CPU = Release|Any CPU
	EndGlobalSection
	GlobalSection(ProjectConfigurationPlatforms) = postSolution
		{4E463395-9963-45D4-A65C-9268231768CB}.Debug|Any CPU.ActiveCfg = Debug|Any CPU
		{4E463395-9963-45D4-A65C-9268231768CB}.Debug|Any CPU.Build.0 = Debug|Any CPU
		{4E463395-9963-45D4-A65C-9268231768CB}.Release|Any CPU.ActiveCfg = Release|Any CPU
		{4E463395-9963-45D4-A65C-9268231768CB}.Release|Any CPU.Build.0 = Release|Any CPU
	EndGlobalSection
	GlobalSection(SolutionProperties) = preSolution
		HideSolutionNode = FALSE
	EndGlobalSection
	GlobalSection(ExtensibilityGlobals) = postSolution
		SolutionGuid = {EA9356C8-229F-497D-84F3-49AF8471D0D8}
	EndGlobalSection
EndGlobal
